# This file was autogenerated by Stack.
# You should not edit this file by hand.
# For more information, please see the documentation at:
#   https://docs.haskellstack.org/en/stable/lock_files

packages:
- completed:
    hackage: aeson-2.0.3.0@sha256:130bda8e10dc6dd159b79b306abb10025d7f8b5d9cbc2f7d6d7e6768a0272058,5845
    pantry-tree:
      size: 38191
      sha256: bccfc5a7259a27aad7e4193f367c3d7d67799f42632fdcb90241c1e9fbb0cf40
  original:
    hackage: aeson-2.0.3.0
- completed:
    hackage: attoparsec-0.14.4@sha256:79584bdada8b730cb5138fca8c35c76fbef75fc1d1e01e6b1d815a5ee9843191,5810
    pantry-tree:
      size: 5039
      sha256: 5b8e087f73d334019252606b1f64b986cef61946a085ccb77c6bc4d038691c48
  original:
    hackage: attoparsec-0.14.4
- completed:
    hackage: avro-0.6.0.1@sha256:cc5aa61ffeed041f0301e3a07d3099b716dcab4e4cd0b7320b8b3fe1b30c27b8,13303
    pantry-tree:
      size: 7110
      sha256: b2a1f0c83e1ff48aabc88feacfe01f5c014ae710a7a023027dfa8e72b6795259
  original:
    hackage: avro-0.6.0.1
- completed:
    hackage: core-data-0.3.1.1@sha256:12aeb35d731d0d7889f9a448daa40dfa1a7597c53c8079b5d3b1aea6778c3b7f,1753
    pantry-tree:
      size: 359
      sha256: c3b4deeb195b7aa5c4b3dadabcdf3b9846e933f6280bfdfa076c813924aa6da9
  original:
    hackage: core-data-0.3.1.1
- completed:
    hackage: core-program-0.4.4.0@sha256:6b678fef5479c3b0c9aacb81ac75647300780f8ba3c39eb0434102939740a49f,2178
    pantry-tree:
      size: 1041
      sha256: 43cba15fd4eef43ed34d484f1c74c05445b59b610e4c760163bd5ab00767e162
  original:
    hackage: core-program-0.4.4.0
- completed:
    hackage: core-telemetry-0.1.9.1@sha256:da8354dcd83c1c842f57a88e456212dfae050791cfd370a5f4b58e545729d2d7,2149
    pantry-tree:
      size: 678
      sha256: 14b55addc73ae0c2d0b23d5a5226da91165219437538e172ab4e08e625daf840
  original:
    hackage: core-telemetry-0.1.9.1
- completed:
    hackage: core-text-0.3.5.0@sha256:0a5853b63c07171beccc6331304ce1e2549b14ceb8b87be6b71f27a7d0ac1a37,2263
    pantry-tree:
      size: 609
      sha256: 947ca67683c70ac10bc95431bfa8692acf787c56952d37fa6c07666e75d9d12e
  original:
    hackage: core-text-0.3.5.0
- completed:
    hackage: hashable-1.4.0.2@sha256:0cddd0229d1aac305ea0404409c0bbfab81f075817bd74b8b2929eff58333e55,5005
    pantry-tree:
      size: 1248
      sha256: 51dda0aa70849588d074125f324beba1c8736cfa486e7f4a90a798b1d0e6019d
  original:
    hackage: hashable-1.4.0.2
- completed:
    hackage: OneTuple-0.3.1@sha256:a848c096c9d29e82ffdd30a9998aa2931cbccb3a1bc137539d80f6174d31603e,2262
    pantry-tree:
      size: 506
      sha256: a685b08622f1fe0641e4f228a290878a1db4f7ef3eb63d00b10e8632097d1e6f
  original:
    hackage: OneTuple-0.3.1
- completed:
    hackage: semialign-1.2.0.1@sha256:0e179b4d3a8eff79001d374d6c91917c6221696b9620f0a4d86852fc6a9b9501,2836
    pantry-tree:
      size: 537
      sha256: 635bbbb517f0c063a4bc2e9e6efdb0e598b9d9fd467f52df81ab3a4af1fd923b
  original:
    hackage: semialign-1.2.0.1
- completed:
    hackage: servant-0.19@sha256:9f1145d48c049e5d39d8314bc0458d15e7767b8bc871eb1f2177b9fd29101272,5371
    pantry-tree:
      size: 2802
      sha256: da515b079d6e1d1aa41e5c04af988fe36ac295c7ec94b0d0f4a76bc7972a379c
  original:
    hackage: servant-0.19
- completed:
    hackage: servant-client-0.19@sha256:8c0c4ee78e1d95a0bee22602c24cff104a1ce3a309b24697d23e8bfc738d5755,4737
    pantry-tree:
      size: 1435
      sha256: 247a61e92707e119160245713add81f1fffd328a595997917c299c0dbb1d3130
  original:
    hackage: servant-client-0.19
- completed:
    hackage: servant-client-core-0.19@sha256:58f14b579b0afa0d4ede8457d6d5dc6d222da1b556b81177779522edc054183a,3659
    pantry-tree:
      size: 1446
      sha256: 02cced10bfcb14f15fe9afccc58da36decd56d0af12e333bada47c3414cd92ec
  original:
    hackage: servant-client-core-0.19
- completed:
    hackage: servant-server-0.19@sha256:d9636357e6f3db963e35418456607d0020e4e0c21df72b93e50fd5b9aa252995,5506
    pantry-tree:
      size: 2614
      sha256: 626b78189a43285439c5db1eb1b2ab0e29e85396f8f5766220399060228fba27
  original:
    hackage: servant-server-0.19
- completed:
    hackage: stache-2.3.1@sha256:48a1637594feb3eab4e278192a7a029607db615e0bee8394a0cd52f54ebdb6ae,4385
    pantry-tree:
      size: 2331
      sha256: b09e2069993cec19123fa71407c1b09abad172f0b00387ae1b9da427963cb86f
  original:
    hackage: stache-2.3.1
- completed:
    hackage: text-short-0.1.5@sha256:962c6228555debdc46f758d0317dea16e5240d01419b42966674b08a5c3d8fa6,3498
    pantry-tree:
      size: 727
      sha256: 1fc6561c4acb94a41e58cd8f8c7cce161c18c5629dac63a54a9c62f9c778c52b
  original:
    hackage: text-short-0.1.5
- completed:
    hackage: time-compat-1.9.6.1@sha256:42d8f2e08e965e1718917d54ad69e1d06bd4b87d66c41dc7410f59313dba4ed1,5033
    pantry-tree:
      size: 4113
      sha256: b262c5ae8d72d2073d12e1de1863abd234fad8c138df28f32bb51bc232ced608
  original:
    hackage: time-compat-1.9.6.1
- completed:
    hackage: quickcheck-instances-0.3.27@sha256:df1a5d65519fea31d2eaa38da3b6aa5d1c7edb2d2420808b3030f10c217c27ac,4710
    pantry-tree:
      size: 2274
      sha256: da4d0e272b106167b2e2025758d566e0768c8c22a8ffcc365efcffba7ea8c758
  original:
    hackage: quickcheck-instances-0.3.27
- completed:
    hackage: mwc-random-0.14.0.0@sha256:6ae33e246e91f66f621caabb2323b431c8dab57427a417a98f5cac3d82eb7b21,1810
    pantry-tree:
      size: 550
      sha256: e11223e91b7630bac2c7db96b5b8a9a950d66e4998774d39cfe22984148a810d
  original:
    hackage: mwc-random-0.14.0.0
- completed:
    hackage: statistics-0.14.0.2@sha256:23474780ad5ffa28ff3f46fe041a9e3fd309c98b776ce94e8851183bb107a7af,5169
    pantry-tree:
      size: 5459
      sha256: a82e92ae5586361f8ba78c169e3aa28f32294adc67105026595749fbe6ed1ba2
  original:
    hackage: statistics-0.14.0.2
snapshots:
- completed:
    size: 587819
    url: https://raw.githubusercontent.com/commercialhaskell/stackage-snapshots/master/lts/18/23.yaml
    sha256: 7f69bb29a57495586e7e3ed31ecc59c0d2c959cb23bd52b71ca676f254c9beb1
  original: lts-18.23
